
Microsoft Visual Studio Solution File, Format Version 12.00
# Visual Studio 15
VisualStudioVersion = 15.0.28307.572
MinimumVisualStudioVersion = 10.0.40219.1
Project("{159641D6-6404-4A2A-AE62-294DE0FE8301}") = "AspenToVersaTransport _2", "AspenToVersaTransport _2\AspenToVersaTransport _2.dtproj", "{6D52633D-8BA6-40F8-968F-7CFFA400AD6F}"
EndProject
Global
	GlobalSection(SolutionConfigurationPlatforms) = preSolution
		Development|Default = Development|Default
	EndGlobalSection
	GlobalSection(ProjectConfigurationPlatforms) = postSolution
		{6D52633D-8BA6-40F8-968F-7CFFA400AD6F}.Development|Default.ActiveCfg = Development
		{6D52633D-8BA6-40F8-968F-7CFFA400AD6F}.Development|Default.Build.0 = Development
	EndGlobalSection
	GlobalSection(SolutionProperties) = preSolution
		HideSolutionNode = FALSE
	EndGlobalSection
	GlobalSection(ExtensibilityGlobals) = postSolution
		SolutionGuid = {92EBAA2B-4599-4666-ABA7-31B9D424B3BF}
	EndGlobalSection
EndGlobal
