
Microsoft Visual Studio Solution File, Format Version 12.00
# Visual Studio 15
VisualStudioVersion = 15.0.28307.572
MinimumVisualStudioVersion = 10.0.40219.1
Project("{159641D6-6404-4A2A-AE62-294DE0FE8301}") = "BPS_DATA", "BPS_DATA\BPS_DATA.dtproj", "{A4BB9A47-115E-4923-BCCE-A3A2DDF3627C}"
EndProject
Global
	GlobalSection(SolutionConfigurationPlatforms) = preSolution
		Development|Default = Development|Default
	EndGlobalSection
	GlobalSection(ProjectConfigurationPlatforms) = postSolution
		{A4BB9A47-115E-4923-BCCE-A3A2DDF3627C}.Development|Default.ActiveCfg = Development
		{A4BB9A47-115E-4923-BCCE-A3A2DDF3627C}.Development|Default.Build.0 = Development
	EndGlobalSection
	GlobalSection(SolutionProperties) = preSolution
		HideSolutionNode = FALSE
	EndGlobalSection
	GlobalSection(ExtensibilityGlobals) = postSolution
		SolutionGuid = {C944E317-DB33-483C-B5A4-95B94FACE3D0}
	EndGlobalSection
EndGlobal
