
Microsoft Visual Studio Solution File, Format Version 12.00
# Visual Studio 15
VisualStudioVersion = 15.0.28307.572
MinimumVisualStudioVersion = 10.0.40219.1
Project("{159641D6-6404-4A2A-AE62-294DE0FE8301}") = "Load Current Active Transportation", "Load Current Active Transportation\Load Current Active Transportation.dtproj", "{52BC2C4B-3C02-4FB2-90A3-FFE1074149D5}"
EndProject
Global
	GlobalSection(SolutionConfigurationPlatforms) = preSolution
		Development|Default = Development|Default
	EndGlobalSection
	GlobalSection(ProjectConfigurationPlatforms) = postSolution
		{52BC2C4B-3C02-4FB2-90A3-FFE1074149D5}.Development|Default.ActiveCfg = Development
		{52BC2C4B-3C02-4FB2-90A3-FFE1074149D5}.Development|Default.Build.0 = Development
	EndGlobalSection
	GlobalSection(SolutionProperties) = preSolution
		HideSolutionNode = FALSE
	EndGlobalSection
	GlobalSection(ExtensibilityGlobals) = postSolution
		SolutionGuid = {5520ACCE-E736-46B6-B222-51901286F847}
	EndGlobalSection
EndGlobal
