
Microsoft Visual Studio Solution File, Format Version 12.00
# Visual Studio 15
VisualStudioVersion = 15.0.27428.2027
MinimumVisualStudioVersion = 10.0.40219.1
Project("{159641D6-6404-4A2A-AE62-294DE0FE8301}") = "Load Current Active Transportation", "Load Current Active Transportation\Load Current Active Transportation.dtproj", "{5B6D65F5-733E-4299-92EF-990A4189953C}"
EndProject
Global
	GlobalSection(SolutionConfigurationPlatforms) = preSolution
		Development|Default = Development|Default
	EndGlobalSection
	GlobalSection(ProjectConfigurationPlatforms) = postSolution
		{5B6D65F5-733E-4299-92EF-990A4189953C}.Development|Default.ActiveCfg = Development
		{5B6D65F5-733E-4299-92EF-990A4189953C}.Development|Default.Build.0 = Development
	EndGlobalSection
	GlobalSection(SolutionProperties) = preSolution
		HideSolutionNode = FALSE
	EndGlobalSection
	GlobalSection(ExtensibilityGlobals) = postSolution
		SolutionGuid = {C09850BC-2E5F-41A1-88AF-D2EB7CF4356D}
	EndGlobalSection
EndGlobal
