
Microsoft Visual Studio Solution File, Format Version 12.00
# Visual Studio 15
VisualStudioVersion = 15.0.27428.2027
MinimumVisualStudioVersion = 10.0.40219.1
Project("{159641D6-6404-4A2A-AE62-294DE0FE8301}") = "LoadCapacity", "LoadCapacity\LoadCapacity.dtproj", "{B6E182CF-8122-467D-AF90-D7645C8D849A}"
EndProject
Global
	GlobalSection(SolutionConfigurationPlatforms) = preSolution
		Development|Default = Development|Default
	EndGlobalSection
	GlobalSection(ProjectConfigurationPlatforms) = postSolution
		{B6E182CF-8122-467D-AF90-D7645C8D849A}.Development|Default.ActiveCfg = Development
		{B6E182CF-8122-467D-AF90-D7645C8D849A}.Development|Default.Build.0 = Development
	EndGlobalSection
	GlobalSection(SolutionProperties) = preSolution
		HideSolutionNode = FALSE
	EndGlobalSection
	GlobalSection(ExtensibilityGlobals) = postSolution
		SolutionGuid = {B025B2E3-E384-4366-8D39-02CD84468A01}
	EndGlobalSection
EndGlobal
