
Microsoft Visual Studio Solution File, Format Version 12.00
# Visual Studio 15
VisualStudioVersion = 15.0.28307.645
MinimumVisualStudioVersion = 10.0.40219.1
Project("{159641D6-6404-4A2A-AE62-294DE0FE8301}") = "BPSDATA-03 SSIS", "BPSDATA-03 SSIS\BPSDATA-03 SSIS.dtproj", "{9DEE82B4-7FE3-4D52-AED5-E1368CCE42BB}"
EndProject
Global
	GlobalSection(SolutionConfigurationPlatforms) = preSolution
		Development|Default = Development|Default
	EndGlobalSection
	GlobalSection(ProjectConfigurationPlatforms) = postSolution
		{9DEE82B4-7FE3-4D52-AED5-E1368CCE42BB}.Development|Default.ActiveCfg = Development
		{9DEE82B4-7FE3-4D52-AED5-E1368CCE42BB}.Development|Default.Build.0 = Development
	EndGlobalSection
	GlobalSection(SolutionProperties) = preSolution
		HideSolutionNode = FALSE
	EndGlobalSection
	GlobalSection(ExtensibilityGlobals) = postSolution
		SolutionGuid = {1CEE7DAB-749D-48C4-8460-BA2E315C2256}
	EndGlobalSection
EndGlobal
