
Microsoft Visual Studio Solution File, Format Version 12.00
# Visual Studio 15
VisualStudioVersion = 15.0.27428.2027
MinimumVisualStudioVersion = 10.0.40219.1
Project("{159641D6-6404-4A2A-AE62-294DE0FE8301}") = "Student School Choice", "Student School Choice\Student School Choice.dtproj", "{88274C51-FC0C-4EE8-92B5-5BFB40DB55D8}"
EndProject
Global
	GlobalSection(SolutionConfigurationPlatforms) = preSolution
		Development|Default = Development|Default
	EndGlobalSection
	GlobalSection(ProjectConfigurationPlatforms) = postSolution
		{88274C51-FC0C-4EE8-92B5-5BFB40DB55D8}.Development|Default.ActiveCfg = Development
		{88274C51-FC0C-4EE8-92B5-5BFB40DB55D8}.Development|Default.Build.0 = Development
	EndGlobalSection
	GlobalSection(SolutionProperties) = preSolution
		HideSolutionNode = FALSE
	EndGlobalSection
	GlobalSection(ExtensibilityGlobals) = postSolution
		SolutionGuid = {80E2591A-210D-4400-A06C-D5135CD0BF93}
	EndGlobalSection
EndGlobal
